
Microsoft Visual Studio Solution File, Format Version 12.00
# Visual Studio Version 17
VisualStudioVersion = 17.7.34302.85
MinimumVisualStudioVersion = 10.0.40219.1
Project("{8BC9CEB8-8B4A-11D0-8D11-00A0C91BC942}") = "PG3_3-1", "PG3_3-1.vcxproj", "{059EAD36-FF78-451B-9FFB-CE0C6611F643}"
EndProject
Global
	GlobalSection(SolutionConfigurationPlatforms) = preSolution
		Debug|x64 = Debug|x64
		Release|x64 = Release|x64
	EndGlobalSection
	GlobalSection(ProjectConfigurationPlatforms) = postSolution
		{059EAD36-FF78-451B-9FFB-CE0C6611F643}.Debug|x64.ActiveCfg = Debug|x64
		{059EAD36-FF78-451B-9FFB-CE0C6611F643}.Debug|x64.Build.0 = Debug|x64
		{059EAD36-FF78-451B-9FFB-CE0C6611F643}.Release|x64.ActiveCfg = Release|x64
		{059EAD36-FF78-451B-9FFB-CE0C6611F643}.Release|x64.Build.0 = Release|x64
	EndGlobalSection
	GlobalSection(SolutionProperties) = preSolution
		HideSolutionNode = FALSE
	EndGlobalSection
	GlobalSection(ExtensibilityGlobals) = postSolution
		SolutionGuid = {9D36FF4C-C5AD-4656-B645-9CAA8AC521F2}
	EndGlobalSection
EndGlobal
