
Microsoft Visual Studio Solution File, Format Version 12.00
# Visual Studio Version 17
VisualStudioVersion = 17.7.34302.85
MinimumVisualStudioVersion = 10.0.40219.1
Project("{8BC9CEB8-8B4A-11D0-8D11-00A0C91BC942}") = "PG3_5_2", "PG3_5_2.vcxproj", "{78AC0159-271E-4C46-816A-F7DC08AB34EC}"
EndProject
Global
	GlobalSection(SolutionConfigurationPlatforms) = preSolution
		Debug|x64 = Debug|x64
		Debug|x86 = Debug|x86
		Release|x64 = Release|x64
		Release|x86 = Release|x86
	EndGlobalSection
	GlobalSection(ProjectConfigurationPlatforms) = postSolution
		{78AC0159-271E-4C46-816A-F7DC08AB34EC}.Debug|x64.ActiveCfg = Debug|x64
		{78AC0159-271E-4C46-816A-F7DC08AB34EC}.Debug|x64.Build.0 = Debug|x64
		{78AC0159-271E-4C46-816A-F7DC08AB34EC}.Debug|x86.ActiveCfg = Debug|Win32
		{78AC0159-271E-4C46-816A-F7DC08AB34EC}.Debug|x86.Build.0 = Debug|Win32
		{78AC0159-271E-4C46-816A-F7DC08AB34EC}.Release|x64.ActiveCfg = Release|x64
		{78AC0159-271E-4C46-816A-F7DC08AB34EC}.Release|x64.Build.0 = Release|x64
		{78AC0159-271E-4C46-816A-F7DC08AB34EC}.Release|x86.ActiveCfg = Release|Win32
		{78AC0159-271E-4C46-816A-F7DC08AB34EC}.Release|x86.Build.0 = Release|Win32
	EndGlobalSection
	GlobalSection(SolutionProperties) = preSolution
		HideSolutionNode = FALSE
	EndGlobalSection
	GlobalSection(ExtensibilityGlobals) = postSolution
		SolutionGuid = {5FD23F50-9B9A-4D97-B9BA-5E2F69530BC6}
	EndGlobalSection
EndGlobal
