
Microsoft Visual Studio Solution File, Format Version 12.00
# Visual Studio Version 17
VisualStudioVersion = 17.7.34302.85
MinimumVisualStudioVersion = 10.0.40219.1
Project("{8BC9CEB8-8B4A-11D0-8D11-00A0C91BC942}") = "MT4_1_5", "MT4_1_5.vcxproj", "{5C1C1B34-9019-45B8-A38A-E248AB1B6EE0}"
EndProject
Global
	GlobalSection(SolutionConfigurationPlatforms) = preSolution
		Debug|x64 = Debug|x64
		Release|x64 = Release|x64
	EndGlobalSection
	GlobalSection(ProjectConfigurationPlatforms) = postSolution
		{5C1C1B34-9019-45B8-A38A-E248AB1B6EE0}.Debug|x64.ActiveCfg = Debug|x64
		{5C1C1B34-9019-45B8-A38A-E248AB1B6EE0}.Debug|x64.Build.0 = Debug|x64
		{5C1C1B34-9019-45B8-A38A-E248AB1B6EE0}.Release|x64.ActiveCfg = Release|x64
		{5C1C1B34-9019-45B8-A38A-E248AB1B6EE0}.Release|x64.Build.0 = Release|x64
	EndGlobalSection
	GlobalSection(SolutionProperties) = preSolution
		HideSolutionNode = FALSE
	EndGlobalSection
	GlobalSection(ExtensibilityGlobals) = postSolution
		SolutionGuid = {D6325980-5374-4E11-BEA3-AAF3662EF524}
	EndGlobalSection
EndGlobal
